
Microsoft Visual Studio Solution File, Format Version 12.00
# Visual Studio Version 16
VisualStudioVersion = 16.0.32002.261
MinimumVisualStudioVersion = 10.0.40219.1
Project("{E24C65DC-7377-472B-9ABA-BC803B73C61A}") = "YemekTarifi", "YemekTarifi\", "{5DD89CE9-1987-43D3-99F9-779B952EA0CB}"
	ProjectSection(WebsiteProperties) = preProject
		TargetFrameworkMoniker = ".NETFramework,Version%3Dv4.7.2"
		Debug.AspNetCompiler.VirtualPath = "/localhost_51049"
		Debug.AspNetCompiler.PhysicalPath = "YemekTarifi\"
		Debug.AspNetCompiler.TargetPath = "PrecompiledWeb\localhost_51049\"
		Debug.AspNetCompiler.Updateable = "true"
		Debug.AspNetCompiler.ForceOverwrite = "true"
		Debug.AspNetCompiler.FixedNames = "false"
		Debug.AspNetCompiler.Debug = "True"
		Release.AspNetCompiler.VirtualPath = "/localhost_51049"
		Release.AspNetCompiler.PhysicalPath = "YemekTarifi\"
		Release.AspNetCompiler.TargetPath = "PrecompiledWeb\localhost_51049\"
		Release.AspNetCompiler.Updateable = "true"
		Release.AspNetCompiler.ForceOverwrite = "true"
		Release.AspNetCompiler.FixedNames = "false"
		Release.AspNetCompiler.Debug = "False"
		VWDPort = "51049"
		SlnRelativePath = "YemekTarifi\"
		DefaultWebSiteLanguage = "Visual C#"
		StartServerOnDebug = "true"
	EndProjectSection
EndProject
Global
	GlobalSection(SolutionConfigurationPlatforms) = preSolution
		Debug|Any CPU = Debug|Any CPU
	EndGlobalSection
	GlobalSection(ProjectConfigurationPlatforms) = postSolution
		{5DD89CE9-1987-43D3-99F9-779B952EA0CB}.Debug|Any CPU.ActiveCfg = Debug|Any CPU
		{5DD89CE9-1987-43D3-99F9-779B952EA0CB}.Debug|Any CPU.Build.0 = Debug|Any CPU
	EndGlobalSection
	GlobalSection(SolutionProperties) = preSolution
		HideSolutionNode = FALSE
	EndGlobalSection
	GlobalSection(ExtensibilityGlobals) = postSolution
		SolutionGuid = {0D93E118-9D64-4DCF-9AA5-3D5977840552}
	EndGlobalSection
EndGlobal
